
Microsoft Visual Studio Solution File, Format Version 12.00
# Visual Studio Version 17
VisualStudioVersion = 17.10.35027.167
MinimumVisualStudioVersion = 10.0.40219.1
Project("{FAE04EC0-301F-11D3-BF4B-00C04F79EFBC}") = "Bai2", "Bai2.csproj", "{C6EE38E1-A9CB-45EC-9752-D60C4FD3BB03}"
EndProject
Global
	GlobalSection(SolutionConfigurationPlatforms) = preSolution
		Debug|Any CPU = Debug|Any CPU
		Release|Any CPU = Release|Any CPU
	EndGlobalSection
	GlobalSection(ProjectConfigurationPlatforms) = postSolution
		{C6EE38E1-A9CB-45EC-9752-D60C4FD3BB03}.Debug|Any CPU.ActiveCfg = Debug|Any CPU
		{C6EE38E1-A9CB-45EC-9752-D60C4FD3BB03}.Debug|Any CPU.Build.0 = Debug|Any CPU
		{C6EE38E1-A9CB-45EC-9752-D60C4FD3BB03}.Release|Any CPU.ActiveCfg = Release|Any CPU
		{C6EE38E1-A9CB-45EC-9752-D60C4FD3BB03}.Release|Any CPU.Build.0 = Release|Any CPU
	EndGlobalSection
	GlobalSection(SolutionProperties) = preSolution
		HideSolutionNode = FALSE
	EndGlobalSection
	GlobalSection(ExtensibilityGlobals) = postSolution
		SolutionGuid = {D2BA9E13-6636-4B7B-A969-010D0C4CCE8C}
	EndGlobalSection
EndGlobal
