
Microsoft Visual Studio Solution File, Format Version 12.00
# Visual Studio Version 17
VisualStudioVersion = 17.9.34728.123
MinimumVisualStudioVersion = 10.0.40219.1
Project("{FAE04EC0-301F-11D3-BF4B-00C04F79EFBC}") = "BE_07.ConsoleApp", "BE_07.ConsoleApp.csproj", "{4B90CDDC-9598-4799-A570-A0063820D0B8}"
EndProject
Project("{FAE04EC0-301F-11D3-BF4B-00C04F79EFBC}") = "BE072024.DataAcceess", "..\BE072024.DataAcceess\BE072024.DataAcceess.csproj", "{C6327072-1165-4814-91FE-5420E4213677}"
EndProject
Project("{FAE04EC0-301F-11D3-BF4B-00C04F79EFBC}") = "BE072024.Common", "..\BE072024.Common\BE072024.Common.csproj", "{53C29559-F516-4B5D-87D4-920944DA9B25}"
EndProject
Global
	GlobalSection(SolutionConfigurationPlatforms) = preSolution
		Debug|Any CPU = Debug|Any CPU
		Release|Any CPU = Release|Any CPU
	EndGlobalSection
	GlobalSection(ProjectConfigurationPlatforms) = postSolution
		{4B90CDDC-9598-4799-A570-A0063820D0B8}.Debug|Any CPU.ActiveCfg = Debug|Any CPU
		{4B90CDDC-9598-4799-A570-A0063820D0B8}.Debug|Any CPU.Build.0 = Debug|Any CPU
		{4B90CDDC-9598-4799-A570-A0063820D0B8}.Release|Any CPU.ActiveCfg = Release|Any CPU
		{4B90CDDC-9598-4799-A570-A0063820D0B8}.Release|Any CPU.Build.0 = Release|Any CPU
		{C6327072-1165-4814-91FE-5420E4213677}.Debug|Any CPU.ActiveCfg = Debug|Any CPU
		{C6327072-1165-4814-91FE-5420E4213677}.Debug|Any CPU.Build.0 = Debug|Any CPU
		{C6327072-1165-4814-91FE-5420E4213677}.Release|Any CPU.ActiveCfg = Release|Any CPU
		{C6327072-1165-4814-91FE-5420E4213677}.Release|Any CPU.Build.0 = Release|Any CPU
		{53C29559-F516-4B5D-87D4-920944DA9B25}.Debug|Any CPU.ActiveCfg = Debug|Any CPU
		{53C29559-F516-4B5D-87D4-920944DA9B25}.Debug|Any CPU.Build.0 = Debug|Any CPU
		{53C29559-F516-4B5D-87D4-920944DA9B25}.Release|Any CPU.ActiveCfg = Release|Any CPU
		{53C29559-F516-4B5D-87D4-920944DA9B25}.Release|Any CPU.Build.0 = Release|Any CPU
	EndGlobalSection
	GlobalSection(SolutionProperties) = preSolution
		HideSolutionNode = FALSE
	EndGlobalSection
	GlobalSection(ExtensibilityGlobals) = postSolution
		SolutionGuid = {E8450929-3540-4443-8094-8B048AC677A0}
	EndGlobalSection
EndGlobal
